// !$*UTF8*$!
{
	archiveVersion = 1;
	classes = {
	};
	objectVersion = 46;
	objects = {

/* Begin PBXBuildFile section */
		8987B67F1E27EC7B00EAF01F /* main.m in Sources */ = {isa = PBXBuildFile; fileRef = 8987B67E1E27EC7B00EAF01F /* main.m */; };
		8987B6871E27ED5300EAF01F /* Doctor.m in Sources */ = {isa = PBXBuildFile; fileRef = 8987B6861E27ED5300EAF01F /* Doctor.m */; };
		8987B68A1E27ED5E00EAF01F /* Patient.m in Sources */ = {isa = PBXBuildFile; fileRef = 8987B6891E27ED5E00EAF01F /* Patient.m */; };
/* End PBXBuildFile section */

/* Begin PBXCopyFilesBuildPhase section */
		8987B6791E27EC7B00EAF01F /* CopyFiles */ = {
			isa = PBXCopyFilesBuildPhase;
			buildActionMask = 2147483647;
			dstPath = /usr/share/man/man1/;
			dstSubfolderSpec = 0;
			files = (
			);
			runOnlyForDeploymentPostprocessing = 1;
		};
/* End PBXCopyFilesBuildPhase section */

/* Begin PBXFileReference section */
		8987B67B1E27EC7B00EAF01F /* 20170112 Patient and Doctor */ = {isa = PBXFileReference; explicitFileType = "compiled.mach-o.executable"; includeInIndex = 0; path = "20170112 Patient and Doctor"; sourceTree = BUILT_PRODUCTS_DIR; };
		8987B67E1E27EC7B00EAF01F /* main.m */ = {isa = PBXFileReference; lastKnownFileType = sourcecode.c.objc; path = main.m; sourceTree = "<group>"; };
		8987B6851E27ED5300EAF01F /* Doctor.h */ = {isa = PBXFileReference; fileEncoding = 4; lastKnownFileType = sourcecode.c.h; path = Doctor.h; sourceTree = "<group>"; };
		8987B6861E27ED5300EAF01F /* Doctor.m */ = {isa = PBXFileReference; fileEncoding = 4; lastKnownFileType = sourcecode.c.objc; path = Doctor.m; sourceTree = "<group>"; };
		8987B6881E27ED5E00EAF01F /* Patient.h */ = {isa = PBXFileReference; fileEncoding = 4; lastKnownFileType = sourcecode.c.h; path = Patient.h; sourceTree = "<group>"; };
		8987B6891E27ED5E00EAF01F /* Patient.m */ = {isa = PBXFileReference; fileEncoding = 4; lastKnownFileType = sourcecode.c.objc; path = Patient.m; sourceTree = "<group>"; };
/* End PBXFileReference section */

/* Begin PBXFrameworksBuildPhase section */
		8987B6781E27EC7B00EAF01F /* Frameworks */ = {
			isa = PBXFrameworksBuildPhase;
			buildActionMask = 2147483647;
			files = (
			);
			runOnlyForDeploymentPostprocessing = 0;
		};
/* End PBXFrameworksBuildPhase section */

/* Begin PBXGroup section */
		8987B6721E27EC7B00EAF01F = {
			isa = PBXGroup;
			children = (
				8987B67D1E27EC7B00EAF01F /* 20170112 Patient and Doctor */,
				8987B67C1E27EC7B00EAF01F /* Products */,
			);
			sourceTree = "<group>";
		};
		8987B67C1E27EC7B00EAF01F /* Products */ = {
			isa = PBXGroup;
			children = (
				8987B67B1E27EC7B00EAF01F /* 20170112 Patient and Doctor */,
			);
			name = Products;
			sourceTree = "<group>";
		};
		8987B67D1E27EC7B00EAF01F /* 20170112 Patient and Doctor */ = {
			isa = PBXGroup;
			children = (
				8987B67E1E27EC7B00EAF01F /* main.m */,
				8987B6851E27ED5300EAF01F /* Doctor.h */,
				8987B6861E27ED5300EAF01F /* Doctor.m */,
				8987B6881E27ED5E00EAF01F /* Patient.h */,
				8987B6891E27ED5E00EAF01F /* Patient.m */,
			);
			path = "20170112 Patient and Doctor";
			sourceTree = "<group>";
		};
/* End PBXGroup section */

/* Begin PBXNativeTarget section */
		8987B67A1E27EC7B00EAF01F /* 20170112 Patient and Doctor */ = {
			isa = PBXNativeTarget;
			buildConfigurationList = 8987B6821E27EC7B00EAF01F /* Build configuration list for PBXNativeTarget "20170112 Patient and Doctor" */;
			buildPhases = (
				8987B6771E27EC7B00EAF01F /* Sources */,
				8987B6781E27EC7B00EAF01F /* Frameworks */,
				8987B6791E27EC7B00EAF01F /* CopyFiles */,
			);
			buildRules = (
			);
			dependencies = (
			);
			name = "20170112 Patient and Doctor";
			productName = "20170112 Patient and Doctor";
			productReference = 8987B67B1E27EC7B00EAF01F /* 20170112 Patient and Doctor */;
			productType = "com.apple.product-type.tool";
		};
/* End PBXNativeTarget section */

/* Begin PBXProject section */
		8987B6731E27EC7B00EAF01F /* Project object */ = {
			isa = PBXProject;
			attributes = {
				LastUpgradeCheck = 0820;
				ORGANIZATIONNAME = "Minhung Ling";
				TargetAttributes = {
					8987B67A1E27EC7B00EAF01F = {
						CreatedOnToolsVersion = 8.2.1;
						ProvisioningStyle = Automatic;
					};
				};
			};
			buildConfigurationList = 8987B6761E27EC7B00EAF01F /* Build configuration list for PBXProject "20170112 Patient and Doctor" */;
			compatibilityVersion = "Xcode 3.2";
			developmentRegion = English;
			hasScannedForEncodings = 0;
			knownRegions = (
				en,
			);
			mainGroup = 8987B6721E27EC7B00EAF01F;
			productRefGroup = 8987B67C1E27EC7B00EAF01F /* Products */;
			projectDirPath = "";
			projectRoot = "";
			targets = (
				8987B67A1E27EC7B00EAF01F /* 20170112 Patient and Doctor */,
			);
		};
/* End PBXProject section */

/* Begin PBXSourcesBuildPhase section */
		8987B6771E27EC7B00EAF01F /* Sources */ = {
			isa = PBXSourcesBuildPhase;
			buildActionMask = 2147483647;
			files = (
				8987B68A1E27ED5E00EAF01F /* Patient.m in Sources */,
				8987B6871E27ED5300EAF01F /* Doctor.m in Sources */,
				8987B67F1E27EC7B00EAF01F /* main.m in Sources */,
			);
			runOnlyForDeploymentPostprocessing = 0;
		};
/* End PBXSourcesBuildPhase section */

/* Begin XCBuildConfiguration section */
		8987B6801E27EC7B00EAF01F /* Debug */ = {
			isa = XCBuildConfiguration;
			buildSettings = {
				ALWAYS_SEARCH_USER_PATHS = NO;
				CLANG_ANALYZER_NONNULL = YES;
				CLANG_CXX_LANGUAGE_STANDARD = "gnu++0x";
				CLANG_CXX_LIBRARY = "libc++";
				CLANG_ENABLE_MODULES = YES;
				CLANG_ENABLE_OBJC_ARC = YES;
				CLANG_WARN_BOOL_CONVERSION = YES;
				CLANG_WARN_CONSTANT_CONVERSION = YES;
				CLANG_WARN_DIRECT_OBJC_ISA_USAGE = YES_ERROR;
				CLANG_WARN_DOCUMENTATION_COMMENTS = YES;
				CLANG_WARN_EMPTY_BODY = YES;
				CLANG_WARN_ENUM_CONVERSION = YES;
				CLANG_WARN_INFINITE_RECURSION = YES;
				CLANG_WARN_INT_CONVERSION = YES;
				CLANG_WARN_OBJC_ROOT_CLASS = YES_ERROR;
				CLANG_WARN_SUSPICIOUS_MOVE = YES;
				CLANG_WARN_UNREACHABLE_CODE = YES;
				CLANG_WARN__DUPLICATE_METHOD_MATCH = YES;
				CODE_SIGN_IDENTITY = "-";
				COPY_PHASE_STRIP = NO;
				DEBUG_INFORMATION_FORMAT = dwarf;
				ENABLE_STRICT_OBJC_MSGSEND = YES;
				ENABLE_TESTABILITY = YES;
				GCC_C_LANGUAGE_STANDARD = gnu99;
				GCC_DYNAMIC_NO_PIC = NO;
				GCC_NO_COMMON_BLOCKS = YES;
				GCC_OPTIMIZATION_LEVEL = 0;
				GCC_PREPROCESSOR_DEFINITIONS = (
					"DEBUG=1",
					"$(inherited)",
				);
				GCC_WARN_64_TO_32_BIT_CONVERSION = YES;
				GCC_WARN_ABOUT_RETURN_TYPE = YES_ERROR;
				GCC_WARN_UNDECLARED_SELECTOR = YES;
				GCC_WARN_UNINITIALIZED_AUTOS = YES_AGGRESSIVE;
				GCC_WARN_UNUSED_FUNCTION = YES;
				GCC_WARN_UNUSED_VARIABLE = YES;
				MACOSX_DEPLOYMENT_TARGET = 10.11;
				MTL_ENABLE_DEBUG_INFO = YES;
				ONLY_ACTIVE_ARCH = YES;
				SDKROOT = macosx;
			};
			name = Debug;
		};
		8987B6811E27EC7B00EAF01F /* Release */ = {
			isa = XCBuildConfiguration;
			buildSettings = {
				ALWAYS_SEARCH_USER_PATHS = NO;
				CLANG_ANALYZER_NONNULL = YES;
				CLANG_CXX_LANGUAGE_STANDARD = "gnu++0x";
				CLANG_CXX_LIBRARY = "libc++";
				CLANG_ENABLE_MODULES = YES;
				CLANG_ENABLE_OBJC_ARC = YES;
				CLANG_WARN_BOOL_CONVERSION = YES;
				CLANG_WARN_CONSTANT_CONVERSION = YES;
				CLANG_WARN_DIRECT_OBJC_ISA_USAGE = YES_ERROR;
				CLANG_WARN_DOCUMENTATION_COMMENTS = YES;
				CLANG_WARN_EMPTY_BODY = YES;
				CLANG_WARN_ENUM_CONVERSION = YES;
				CLANG_WARN_INFINITE_RECURSION = YES;
				CLANG_WARN_INT_CONVERSION = YES;
				CLANG_WARN_OBJC_ROOT_CLASS = YES_ERROR;
				CLANG_WARN_SUSPICIOUS_MOVE = YES;
				CLANG_WARN_UNREACHABLE_CODE = YES;
				CLANG_WARN__DUPLICATE_METHOD_MATCH = YES;
				CODE_SIGN_IDENTITY = "-";
				COPY_PHASE_STRIP = NO;
				DEBUG_INFORMATION_FORMAT = "dwarf-with-dsym";
				ENABLE_NS_ASSERTIONS = NO;
				ENABLE_STRICT_OBJC_MSGSEND = YES;
				GCC_C_LANGUAGE_STANDARD = gnu99;
				GCC_NO_COMMON_BLOCKS = YES;
				GCC_WARN_64_TO_32_BIT_CONVERSION = YES;
				GCC_WARN_ABOUT_RETURN_TYPE = YES_ERROR;
				GCC_WARN_UNDECLARED_SELECTOR = YES;
				GCC_WARN_UNINITIALIZED_AUTOS = YES_AGGRESSIVE;
				GCC_WARN_UNUSED_FUNCTION = YES;
				GCC_WARN_UNUSED_VARIABLE = YES;
				MACOSX_DEPLOYMENT_TARGET = 10.11;
				MTL_ENABLE_DEBUG_INFO = NO;
				SDKROOT = macosx;
			};
			name = Release;
		};
		8987B6831E27EC7B00EAF01F /* Debug */ = {
			isa = XCBuildConfiguration;
			buildSettings = {
				PRODUCT_NAME = "$(TARGET_NAME)";
			};
			name = Debug;
		};
		8987B6841E27EC7B00EAF01F /* Release */ = {
			isa = XCBuildConfiguration;
			buildSettings = {
				PRODUCT_NAME = "$(TARGET_NAME)";
			};
			name = Release;
		};
/* End XCBuildConfiguration section */

/* Begin XCConfigurationList section */
		8987B6761E27EC7B00EAF01F /* Build configuration list for PBXProject "20170112 Patient and Doctor" */ = {
			isa = XCConfigurationList;
			buildConfigurations = (
				8987B6801E27EC7B00EAF01F /* Debug */,
				8987B6811E27EC7B00EAF01F /* Release */,
			);
			defaultConfigurationIsVisible = 0;
			defaultConfigurationName = Release;
		};
		8987B6821E27EC7B00EAF01F /* Build configuration list for PBXNativeTarget "20170112 Patient and Doctor" */ = {
			isa = XCConfigurationList;
			buildConfigurations = (
				8987B6831E27EC7B00EAF01F /* Debug */,
				8987B6841E27EC7B00EAF01F /* Release */,
			);
			defaultConfigurationIsVisible = 0;
		};
/* End XCConfigurationList section */
	};
	rootObject = 8987B6731E27EC7B00EAF01F /* Project object */;
}
